
Microsoft Visual Studio Solution File, Format Version 12.00
# Visual Studio 15
VisualStudioVersion = 15.0.28307.1525
MinimumVisualStudioVersion = 10.0.40219.1
Project("{8BC9CEB8-8B4A-11D0-8D11-00A0C91BC942}") = "111", "111\111.vcxproj", "{6F3C4CAB-5C9E-431A-9E7B-7E6FECF51A71}"
EndProject
Global
	GlobalSection(SolutionConfigurationPlatforms) = preSolution
		Debug|x64 = Debug|x64
		Debug|x86 = Debug|x86
		Release|x64 = Release|x64
		Release|x86 = Release|x86
	EndGlobalSection
	GlobalSection(ProjectConfigurationPlatforms) = postSolution
		{6F3C4CAB-5C9E-431A-9E7B-7E6FECF51A71}.Debug|x64.ActiveCfg = Debug|x64
		{6F3C4CAB-5C9E-431A-9E7B-7E6FECF51A71}.Debug|x64.Build.0 = Debug|x64
		{6F3C4CAB-5C9E-431A-9E7B-7E6FECF51A71}.Debug|x86.ActiveCfg = Debug|Win32
		{6F3C4CAB-5C9E-431A-9E7B-7E6FECF51A71}.Debug|x86.Build.0 = Debug|Win32
		{6F3C4CAB-5C9E-431A-9E7B-7E6FECF51A71}.Release|x64.ActiveCfg = Release|x64
		{6F3C4CAB-5C9E-431A-9E7B-7E6FECF51A71}.Release|x64.Build.0 = Release|x64
		{6F3C4CAB-5C9E-431A-9E7B-7E6FECF51A71}.Release|x86.ActiveCfg = Release|Win32
		{6F3C4CAB-5C9E-431A-9E7B-7E6FECF51A71}.Release|x86.Build.0 = Release|Win32
	EndGlobalSection
	GlobalSection(SolutionProperties) = preSolution
		HideSolutionNode = FALSE
	EndGlobalSection
	GlobalSection(ExtensibilityGlobals) = postSolution
		SolutionGuid = {C97D0E16-0B36-479E-89F2-A196FF45834C}
	EndGlobalSection
EndGlobal
