
Microsoft Visual Studio Solution File, Format Version 12.00
# Visual Studio 15
VisualStudioVersion = 15.0.28307.1525
MinimumVisualStudioVersion = 10.0.40219.1
Project("{8BC9CEB8-8B4A-11D0-8D11-00A0C91BC942}") = "222", "222\222.vcxproj", "{EA96545E-65CB-4F7C-8E3A-506A331E45B3}"
EndProject
Global
	GlobalSection(SolutionConfigurationPlatforms) = preSolution
		Debug|x64 = Debug|x64
		Debug|x86 = Debug|x86
		Release|x64 = Release|x64
		Release|x86 = Release|x86
	EndGlobalSection
	GlobalSection(ProjectConfigurationPlatforms) = postSolution
		{EA96545E-65CB-4F7C-8E3A-506A331E45B3}.Debug|x64.ActiveCfg = Debug|x64
		{EA96545E-65CB-4F7C-8E3A-506A331E45B3}.Debug|x64.Build.0 = Debug|x64
		{EA96545E-65CB-4F7C-8E3A-506A331E45B3}.Debug|x86.ActiveCfg = Debug|Win32
		{EA96545E-65CB-4F7C-8E3A-506A331E45B3}.Debug|x86.Build.0 = Debug|Win32
		{EA96545E-65CB-4F7C-8E3A-506A331E45B3}.Release|x64.ActiveCfg = Release|x64
		{EA96545E-65CB-4F7C-8E3A-506A331E45B3}.Release|x64.Build.0 = Release|x64
		{EA96545E-65CB-4F7C-8E3A-506A331E45B3}.Release|x86.ActiveCfg = Release|Win32
		{EA96545E-65CB-4F7C-8E3A-506A331E45B3}.Release|x86.Build.0 = Release|Win32
	EndGlobalSection
	GlobalSection(SolutionProperties) = preSolution
		HideSolutionNode = FALSE
	EndGlobalSection
	GlobalSection(ExtensibilityGlobals) = postSolution
		SolutionGuid = {7320616E-D671-47CB-89CE-509213937CFA}
	EndGlobalSection
EndGlobal
